Microsoft Visual Studio Solution File, Format Version 12.00
# Visual Studio 14
VisualStudioVersion = 14.0.25420.1
MinimumVisualStudioVersion = 10.0.40219.1
Project("{2150E333-8FDC-42A3-9474-1A3956D46DE8}") = "stuff", "stuff", "{1ABDD7C1-1F8D-402D-8692-3E4B66962DE0}"
	ProjectSection(SolutionItems) = preProject
		CHANGELOG.md = CHANGELOG.md
		CONTRIBUTING.md = CONTRIBUTING.md
		LICENSE.md = LICENSE.md
		README.md = README.md
	EndProjectSection
EndProject
Project("{FAE04EC0-301F-11D3-BF4B-00C04F79EFBC}") = "Rebus.ServiceProvider", "Rebus.ServiceProvider\Rebus.ServiceProvider.csproj", "{0B17644E-52C5-4756-8745-D78F2A52C08F}"
EndProject
Project("{FAE04EC0-301F-11D3-BF4B-00C04F79EFBC}") = "Rebus.ServiceProvider.Tests", "Rebus.ServiceProvider.Tests\Rebus.ServiceProvider.Tests.csproj", "{9A24DD7A-7C30-49B6-B949-BF8F360E9F51}"
EndProject
Global
	GlobalSection(SolutionConfigurationPlatforms) = preSolution
		Debug|Any CPU = Debug|Any CPU
		Release|Any CPU = Release|Any CPU
	EndGlobalSection
	GlobalSection(ProjectConfigurationPlatforms) = postSolution
		{0B17644E-52C5-4756-8745-D78F2A52C08F}.Debug|Any CPU.ActiveCfg = Debug|Any CPU
		{0B17644E-52C5-4756-8745-D78F2A52C08F}.Debug|Any CPU.Build.0 = Debug|Any CPU
		{0B17644E-52C5-4756-8745-D78F2A52C08F}.Release|Any CPU.ActiveCfg = Release|Any CPU
		{0B17644E-52C5-4756-8745-D78F2A52C08F}.Release|Any CPU.Build.0 = Release|Any CPU
		{9A24DD7A-7C30-49B6-B949-BF8F360E9F51}.Debug|Any CPU.ActiveCfg = Debug|Any CPU
		{9A24DD7A-7C30-49B6-B949-BF8F360E9F51}.Debug|Any CPU.Build.0 = Debug|Any CPU
		{9A24DD7A-7C30-49B6-B949-BF8F360E9F51}.Release|Any CPU.ActiveCfg = Release|Any CPU
		{9A24DD7A-7C30-49B6-B949-BF8F360E9F51}.Release|Any CPU.Build.0 = Release|Any CPU
	EndGlobalSection
	GlobalSection(SolutionProperties) = preSolution
		HideSolutionNode = FALSE
	EndGlobalSection
EndGlobal
